
Microsoft Visual Studio Solution File, Format Version 12.00
# Visual Studio 2012
Project("{FAE04EC0-301F-11D3-BF4B-00C04F79EFBC}") = "OdeTofood", "OdeTofood\OdeTofood.csproj", "{8AF409FF-698B-4F1E-9AA2-ED2DEA122F70}"
EndProject
Project("{FAE04EC0-301F-11D3-BF4B-00C04F79EFBC}") = "OdeToFood.Test", "OdeToFood.Test\OdeToFood.Test.csproj", "{9AA8FD24-B268-4609-A2E9-D85E90B0F684}"
EndProject
Global
	GlobalSection(SolutionConfigurationPlatforms) = preSolution
		Debug|Any CPU = Debug|Any CPU
		Release|Any CPU = Release|Any CPU
	EndGlobalSection
	GlobalSection(ProjectConfigurationPlatforms) = postSolution
		{8AF409FF-698B-4F1E-9AA2-ED2DEA122F70}.Debug|Any CPU.ActiveCfg = Debug|Any CPU
		{8AF409FF-698B-4F1E-9AA2-ED2DEA122F70}.Debug|Any CPU.Build.0 = Debug|Any CPU
		{8AF409FF-698B-4F1E-9AA2-ED2DEA122F70}.Release|Any CPU.ActiveCfg = Release|Any CPU
		{8AF409FF-698B-4F1E-9AA2-ED2DEA122F70}.Release|Any CPU.Build.0 = Release|Any CPU
		{9AA8FD24-B268-4609-A2E9-D85E90B0F684}.Debug|Any CPU.ActiveCfg = Debug|Any CPU
		{9AA8FD24-B268-4609-A2E9-D85E90B0F684}.Debug|Any CPU.Build.0 = Debug|Any CPU
		{9AA8FD24-B268-4609-A2E9-D85E90B0F684}.Release|Any CPU.ActiveCfg = Release|Any CPU
		{9AA8FD24-B268-4609-A2E9-D85E90B0F684}.Release|Any CPU.Build.0 = Release|Any CPU
	EndGlobalSection
	GlobalSection(SolutionProperties) = preSolution
		HideSolutionNode = FALSE
	EndGlobalSection
EndGlobal
